// !$*UTF8*$!
{
	archiveVersion = 1;
	classes = {
	};
	objectVersion = 50;
	objects = {

/* Begin PBXBuildFile section */
		F464E9762224E4B200FFFB3C /* AppDelegate.m in Sources */ = {isa = PBXBuildFile; fileRef = F464E9752224E4B200FFFB3C /* AppDelegate.m */; };
		F464E9792224E4B200FFFB3C /* ViewController.m in Sources */ = {isa = PBXBuildFile; fileRef = F464E9782224E4B200FFFB3C /* ViewController.m */; };
		F464E97C2224E4B200FFFB3C /* Main.storyboard in Resources */ = {isa = PBXBuildFile; fileRef = F464E97A2224E4B200FFFB3C /* Main.storyboard */; };
		F464E97E2224E4B400FFFB3C /* Assets.xcassets in Resources */ = {isa = PBXBuildFile; fileRef = F464E97D2224E4B400FFFB3C /* Assets.xcassets */; };
		F464E9812224E4B400FFFB3C /* LaunchScreen.storyboard in Resources */ = {isa = PBXBuildFile; fileRef = F464E97F2224E4B400FFFB3C /* LaunchScreen.storyboard */; };
		F464E9842224E4B400FFFB3C /* main.m in Sources */ = {isa = PBXBuildFile; fileRef = F464E9832224E4B400FFFB3C /* main.m */; };
		F464E98E2224E4B400FFFB3C /* CoreTextTests.m in Sources */ = {isa = PBXBuildFile; fileRef = F464E98D2224E4B400FFFB3C /* CoreTextTests.m */; };
/* End PBXBuildFile section */

/* Begin PBXContainerItemProxy section */
		F464E98A2224E4B400FFFB3C /* PBXContainerItemProxy */ = {
			isa = PBXContainerItemProxy;
			containerPortal = F464E9692224E4B200FFFB3C /* Project object */;
			proxyType = 1;
			remoteGlobalIDString = F464E9702224E4B200FFFB3C;
			remoteInfo = CoreText;
		};
/* End PBXContainerItemProxy section */

/* Begin PBXFileReference section */
		F464E9712224E4B200FFFB3C /* CoreText.app */ = {isa = PBXFileReference; explicitFileType = wrapper.application; includeInIndex = 0; path = CoreText.app; sourceTree = BUILT_PRODUCTS_DIR; };
		F464E9742224E4B200FFFB3C /* AppDelegate.h */ = {isa = PBXFileReference; lastKnownFileType = sourcecode.c.h; path = AppDelegate.h; sourceTree = "<group>"; };
		F464E9752224E4B200FFFB3C /* AppDelegate.m */ = {isa = PBXFileReference; lastKnownFileType = sourcecode.c.objc; path = AppDelegate.m; sourceTree = "<group>"; };
		F464E9772224E4B200FFFB3C /* ViewController.h */ = {isa = PBXFileReference; lastKnownFileType = sourcecode.c.h; path = ViewController.h; sourceTree = "<group>"; };
		F464E9782224E4B200FFFB3C /* ViewController.m */ = {isa = PBXFileReference; lastKnownFileType = sourcecode.c.objc; path = ViewController.m; sourceTree = "<group>"; };
		F464E97B2224E4B200FFFB3C /* Base */ = {isa = PBXFileReference; lastKnownFileType = file.storyboard; name = Base; path = Base.lproj/Main.storyboard; sourceTree = "<group>"; };
		F464E97D2224E4B400FFFB3C /* Assets.xcassets */ = {isa = PBXFileReference; lastKnownFileType = folder.assetcatalog; path = Assets.xcassets; sourceTree = "<group>"; };
		F464E9802224E4B400FFFB3C /* Base */ = {isa = PBXFileReference; lastKnownFileType = file.storyboard; name = Base; path = Base.lproj/LaunchScreen.storyboard; sourceTree = "<group>"; };
		F464E9822224E4B400FFFB3C /* Info.plist */ = {isa = PBXFileReference; lastKnownFileType = text.plist.xml; path = Info.plist; sourceTree = "<group>"; };
		F464E9832224E4B400FFFB3C /* main.m */ = {isa = PBXFileReference; lastKnownFileType = sourcecode.c.objc; path = main.m; sourceTree = "<group>"; };
		F464E9892224E4B400FFFB3C /* CoreTextTests.xctest */ = {isa = PBXFileReference; explicitFileType = wrapper.cfbundle; includeInIndex = 0; path = CoreTextTests.xctest; sourceTree = BUILT_PRODUCTS_DIR; };
		F464E98D2224E4B400FFFB3C /* CoreTextTests.m */ = {isa = PBXFileReference; lastKnownFileType = sourcecode.c.objc; path = CoreTextTests.m; sourceTree = "<group>"; };
		F464E98F2224E4B400FFFB3C /* Info.plist */ = {isa = PBXFileReference; lastKnownFileType = text.plist.xml; path = Info.plist; sourceTree = "<group>"; };
/* End PBXFileReference section */

/* Begin PBXFrameworksBuildPhase section */
		F464E96E2224E4B200FFFB3C /* Frameworks */ = {
			isa = PBXFrameworksBuildPhase;
			buildActionMask = 2147483647;
			files = (
			);
			runOnlyForDeploymentPostprocessing = 0;
		};
		F464E9862224E4B400FFFB3C /* Frameworks */ = {
			isa = PBXFrameworksBuildPhase;
			buildActionMask = 2147483647;
			files = (
			);
			runOnlyForDeploymentPostprocessing = 0;
		};
/* End PBXFrameworksBuildPhase section */

/* Begin PBXGroup section */
		F464E9682224E4B100FFFB3C = {
			isa = PBXGroup;
			children = (
				F464E9732224E4B200FFFB3C /* CoreText */,
				F464E98C2224E4B400FFFB3C /* CoreTextTests */,
				F464E9722224E4B200FFFB3C /* Products */,
			);
			sourceTree = "<group>";
		};
		F464E9722224E4B200FFFB3C /* Products */ = {
			isa = PBXGroup;
			children = (
				F464E9712224E4B200FFFB3C /* CoreText.app */,
				F464E9892224E4B400FFFB3C /* CoreTextTests.xctest */,
			);
			name = Products;
			sourceTree = "<group>";
		};
		F464E9732224E4B200FFFB3C /* CoreText */ = {
			isa = PBXGroup;
			children = (
				F464E9742224E4B200FFFB3C /* AppDelegate.h */,
				F464E9752224E4B200FFFB3C /* AppDelegate.m */,
				F464E9772224E4B200FFFB3C /* ViewController.h */,
				F464E9782224E4B200FFFB3C /* ViewController.m */,
				F464E97A2224E4B200FFFB3C /* Main.storyboard */,
				F464E97D2224E4B400FFFB3C /* Assets.xcassets */,
				F464E97F2224E4B400FFFB3C /* LaunchScreen.storyboard */,
				F464E9822224E4B400FFFB3C /* Info.plist */,
				F464E9832224E4B400FFFB3C /* main.m */,
			);
			path = CoreText;
			sourceTree = "<group>";
		};
		F464E98C2224E4B400FFFB3C /* CoreTextTests */ = {
			isa = PBXGroup;
			children = (
				F464E98D2224E4B400FFFB3C /* CoreTextTests.m */,
				F464E98F2224E4B400FFFB3C /* Info.plist */,
			);
			path = CoreTextTests;
			sourceTree = "<group>";
		};
/* End PBXGroup section */

/* Begin PBXNativeTarget section */
		F464E9702224E4B200FFFB3C /* CoreText */ = {
			isa = PBXNativeTarget;
			buildConfigurationList = F464E9922224E4B400FFFB3C /* Build configuration list for PBXNativeTarget "CoreText" */;
			buildPhases = (
				F464E96D2224E4B200FFFB3C /* Sources */,
				F464E96E2224E4B200FFFB3C /* Frameworks */,
				F464E96F2224E4B200FFFB3C /* Resources */,
			);
			buildRules = (
			);
			dependencies = (
			);
			name = CoreText;
			productName = CoreText;
			productReference = F464E9712224E4B200FFFB3C /* CoreText.app */;
			productType = "com.apple.product-type.application";
		};
		F464E9882224E4B400FFFB3C /* CoreTextTests */ = {
			isa = PBXNativeTarget;
			buildConfigurationList = F464E9952224E4B400FFFB3C /* Build configuration list for PBXNativeTarget "CoreTextTests" */;
			buildPhases = (
				F464E9852224E4B400FFFB3C /* Sources */,
				F464E9862224E4B400FFFB3C /* Frameworks */,
				F464E9872224E4B400FFFB3C /* Resources */,
			);
			buildRules = (
			);
			dependencies = (
				F464E98B2224E4B400FFFB3C /* PBXTargetDependency */,
			);
			name = CoreTextTests;
			productName = CoreTextTests;
			productReference = F464E9892224E4B400FFFB3C /* CoreTextTests.xctest */;
			productType = "com.apple.product-type.bundle.unit-test";
		};
/* End PBXNativeTarget section */

/* Begin PBXProject section */
		F464E9692224E4B200FFFB3C /* Project object */ = {
			isa = PBXProject;
			attributes = {
				LastUpgradeCheck = 1000;
				ORGANIZATIONNAME = ying;
				TargetAttributes = {
					F464E9702224E4B200FFFB3C = {
						CreatedOnToolsVersion = 10.0;
					};
					F464E9882224E4B400FFFB3C = {
						CreatedOnToolsVersion = 10.0;
						TestTargetID = F464E9702224E4B200FFFB3C;
					};
				};
			};
			buildConfigurationList = F464E96C2224E4B200FFFB3C /* Build configuration list for PBXProject "CoreText" */;
			compatibilityVersion = "Xcode 9.3";
			developmentRegion = en;
			hasScannedForEncodings = 0;
			knownRegions = (
				en,
				Base,
			);
			mainGroup = F464E9682224E4B100FFFB3C;
			productRefGroup = F464E9722224E4B200FFFB3C /* Products */;
			projectDirPath = "";
			projectRoot = "";
			targets = (
				F464E9702224E4B200FFFB3C /* CoreText */,
				F464E9882224E4B400FFFB3C /* CoreTextTests */,
			);
		};
/* End PBXProject section */

/* Begin PBXResourcesBuildPhase section */
		F464E96F2224E4B200FFFB3C /* Resources */ = {
			isa = PBXResourcesBuildPhase;
			buildActionMask = 2147483647;
			files = (
				F464E9812224E4B400FFFB3C /* LaunchScreen.storyboard in Resources */,
				F464E97E2224E4B400FFFB3C /* Assets.xcassets in Resources */,
				F464E97C2224E4B200FFFB3C /* Main.storyboard in Resources */,
			);
			runOnlyForDeploymentPostprocessing = 0;
		};
		F464E9872224E4B400FFFB3C /* Resources */ = {
			isa = PBXResourcesBuildPhase;
			buildActionMask = 2147483647;
			files = (
			);
			runOnlyForDeploymentPostprocessing = 0;
		};
/* End PBXResourcesBuildPhase section */

/* Begin PBXSourcesBuildPhase section */
		F464E96D2224E4B200FFFB3C /* Sources */ = {
			isa = PBXSourcesBuildPhase;
			buildActionMask = 2147483647;
			files = (
				F464E9792224E4B200FFFB3C /* ViewController.m in Sources */,
				F464E9842224E4B400FFFB3C /* main.m in Sources */,
				F464E9762224E4B200FFFB3C /* AppDelegate.m in Sources */,
			);
			runOnlyForDeploymentPostprocessing = 0;
		};
		F464E9852224E4B400FFFB3C /* Sources */ = {
			isa = PBXSourcesBuildPhase;
			buildActionMask = 2147483647;
			files = (
				F464E98E2224E4B400FFFB3C /* CoreTextTests.m in Sources */,
			);
			runOnlyForDeploymentPostprocessing = 0;
		};
/* End PBXSourcesBuildPhase section */

/* Begin PBXTargetDependency section */
		F464E98B2224E4B400FFFB3C /* PBXTargetDependency */ = {
			isa = PBXTargetDependency;
			target = F464E9702224E4B200FFFB3C /* CoreText */;
			targetProxy = F464E98A2224E4B400FFFB3C /* PBXContainerItemProxy */;
		};
/* End PBXTargetDependency section */

/* Begin PBXVariantGroup section */
		F464E97A2224E4B200FFFB3C /* Main.storyboard */ = {
			isa = PBXVariantGroup;
			children = (
				F464E97B2224E4B200FFFB3C /* Base */,
			);
			name = Main.storyboard;
			sourceTree = "<group>";
		};
		F464E97F2224E4B400FFFB3C /* LaunchScreen.storyboard */ = {
			isa = PBXVariantGroup;
			children = (
				F464E9802224E4B400FFFB3C /* Base */,
			);
			name = LaunchScreen.storyboard;
			sourceTree = "<group>";
		};
/* End PBXVariantGroup section */

/* Begin XCBuildConfiguration section */
		F464E9902224E4B400FFFB3C /* Debug */ = {
			isa = XCBuildConfiguration;
			buildSettings = {
				ALWAYS_SEARCH_USER_PATHS = NO;
				CLANG_ANALYZER_NONNULL = YES;
				CLANG_ANALYZER_NUMBER_OBJECT_CONVERSION = YES_AGGRESSIVE;
				CLANG_CXX_LANGUAGE_STANDARD = "gnu++14";
				CLANG_CXX_LIBRARY = "libc++";
				CLANG_ENABLE_MODULES = YES;
				CLANG_ENABLE_OBJC_ARC = YES;
				CLANG_ENABLE_OBJC_WEAK = YES;
				CLANG_WARN_BLOCK_CAPTURE_AUTORELEASING = YES;
				CLANG_WARN_BOOL_CONVERSION = YES;
				CLANG_WARN_COMMA = YES;
				CLANG_WARN_CONSTANT_CONVERSION = YES;
				CLANG_WARN_DEPRECATED_OBJC_IMPLEMENTATIONS = YES;
				CLANG_WARN_DIRECT_OBJC_ISA_USAGE = YES_ERROR;
				CLANG_WARN_DOCUMENTATION_COMMENTS = YES;
				CLANG_WARN_EMPTY_BODY = YES;
				CLANG_WARN_ENUM_CONVERSION = YES;
				CLANG_WARN_INFINITE_RECURSION = YES;
				CLANG_WARN_INT_CONVERSION = YES;
				CLANG_WARN_NON_LITERAL_NULL_CONVERSION = YES;
				CLANG_WARN_OBJC_IMPLICIT_RETAIN_SELF = YES;
				CLANG_WARN_OBJC_LITERAL_CONVERSION = YES;
				CLANG_WARN_OBJC_ROOT_CLASS = YES_ERROR;
				CLANG_WARN_RANGE_LOOP_ANALYSIS = YES;
				CLANG_WARN_STRICT_PROTOTYPES = YES;
				CLANG_WARN_SUSPICIOUS_MOVE = YES;
				CLANG_WARN_UNGUARDED_AVAILABILITY = YES_AGGRESSIVE;
				CLANG_WARN_UNREACHABLE_CODE = YES;
				CLANG_WARN__DUPLICATE_METHOD_MATCH = YES;
				CODE_SIGN_IDENTITY = "iPhone Developer";
				COPY_PHASE_STRIP = NO;
				DEBUG_INFORMATION_FORMAT = dwarf;
				ENABLE_STRICT_OBJC_MSGSEND = YES;
				ENABLE_TESTABILITY = YES;
				GCC_C_LANGUAGE_STANDARD = gnu11;
				GCC_DYNAMIC_NO_PIC = NO;
				GCC_NO_COMMON_BLOCKS = YES;
				GCC_OPTIMIZATION_LEVEL = 0;
				GCC_PREPROCESSOR_DEFINITIONS = (
					"DEBUG=1",
					"$(inherited)",
				);
				GCC_WARN_64_TO_32_BIT_CONVERSION = YES;
				GCC_WARN_ABOUT_RETURN_TYPE = YES_ERROR;
				GCC_WARN_UNDECLARED_SELECTOR = YES;
				GCC_WARN_UNINITIALIZED_AUTOS = YES_AGGRESSIVE;
				GCC_WARN_UNUSED_FUNCTION = YES;
				GCC_WARN_UNUSED_VARIABLE = YES;
				IPHONEOS_DEPLOYMENT_TARGET = 12.0;
				MTL_ENABLE_DEBUG_INFO = INCLUDE_SOURCE;
				MTL_FAST_MATH = YES;
				ONLY_ACTIVE_ARCH = YES;
				SDKROOT = iphoneos;
			};
			name = Debug;
		};
		F464E9912224E4B400FFFB3C /* Release */ = {
			isa = XCBuildConfiguration;
			buildSettings = {
				ALWAYS_SEARCH_USER_PATHS = NO;
				CLANG_ANALYZER_NONNULL = YES;
				CLANG_ANALYZER_NUMBER_OBJECT_CONVERSION = YES_AGGRESSIVE;
				CLANG_CXX_LANGUAGE_STANDARD = "gnu++14";
				CLANG_CXX_LIBRARY = "libc++";
				CLANG_ENABLE_MODULES = YES;
				CLANG_ENABLE_OBJC_ARC = YES;
				CLANG_ENABLE_OBJC_WEAK = YES;
				CLANG_WARN_BLOCK_CAPTURE_AUTORELEASING = YES;
				CLANG_WARN_BOOL_CONVERSION = YES;
				CLANG_WARN_COMMA = YES;
				CLANG_WARN_CONSTANT_CONVERSION = YES;
				CLANG_WARN_DEPRECATED_OBJC_IMPLEMENTATIONS = YES;
				CLANG_WARN_DIRECT_OBJC_ISA_USAGE = YES_ERROR;
				CLANG_WARN_DOCUMENTATION_COMMENTS = YES;
				CLANG_WARN_EMPTY_BODY = YES;
				CLANG_WARN_ENUM_CONVERSION = YES;
				CLANG_WARN_INFINITE_RECURSION = YES;
				CLANG_WARN_INT_CONVERSION = YES;
				CLANG_WARN_NON_LITERAL_NULL_CONVERSION = YES;
				CLANG_WARN_OBJC_IMPLICIT_RETAIN_SELF = YES;
				CLANG_WARN_OBJC_LITERAL_CONVERSION = YES;
				CLANG_WARN_OBJC_ROOT_CLASS = YES_ERROR;
				CLANG_WARN_RANGE_LOOP_ANALYSIS = YES;
				CLANG_WARN_STRICT_PROTOTYPES = YES;
				CLANG_WARN_SUSPICIOUS_MOVE = YES;
				CLANG_WARN_UNGUARDED_AVAILABILITY = YES_AGGRESSIVE;
				CLANG_WARN_UNREACHABLE_CODE = YES;
				CLANG_WARN__DUPLICATE_METHOD_MATCH = YES;
				CODE_SIGN_IDENTITY = "iPhone Developer";
				COPY_PHASE_STRIP = NO;
				DEBUG_INFORMATION_FORMAT = "dwarf-with-dsym";
				ENABLE_NS_ASSERTIONS = NO;
				ENABLE_STRICT_OBJC_MSGSEND = YES;
				GCC_C_LANGUAGE_STANDARD = gnu11;
				GCC_NO_COMMON_BLOCKS = YES;
				GCC_WARN_64_TO_32_BIT_CONVERSION = YES;
				GCC_WARN_ABOUT_RETURN_TYPE = YES_ERROR;
				GCC_WARN_UNDECLARED_SELECTOR = YES;
				GCC_WARN_UNINITIALIZED_AUTOS = YES_AGGRESSIVE;
				GCC_WARN_UNUSED_FUNCTION = YES;
				GCC_WARN_UNUSED_VARIABLE = YES;
				IPHONEOS_DEPLOYMENT_TARGET = 12.0;
				MTL_ENABLE_DEBUG_INFO = NO;
				MTL_FAST_MATH = YES;
				SDKROOT = iphoneos;
				VALIDATE_PRODUCT = YES;
			};
			name = Release;
		};
		F464E9932224E4B400FFFB3C /* Debug */ = {
			isa = XCBuildConfiguration;
			buildSettings = {
				ASSETCATALOG_COMPILER_APPICON_NAME = AppIcon;
				CODE_SIGN_STYLE = Automatic;
				INFOPLIST_FILE = CoreText/Info.plist;
				LD_RUNPATH_SEARCH_PATHS = (
					"$(inherited)",
					"@executable_path/Frameworks",
				);
				PRODUCT_BUNDLE_IDENTIFIER = com.zhumu.CoreText;
				PRODUCT_NAME = "$(TARGET_NAME)";
				TARGETED_DEVICE_FAMILY = "1,2";
			};
			name = Debug;
		};
		F464E9942224E4B400FFFB3C /* Release */ = {
			isa = XCBuildConfiguration;
			buildSettings = {
				ASSETCATALOG_COMPILER_APPICON_NAME = AppIcon;
				CODE_SIGN_STYLE = Automatic;
				INFOPLIST_FILE = CoreText/Info.plist;
				LD_RUNPATH_SEARCH_PATHS = (
					"$(inherited)",
					"@executable_path/Frameworks",
				);
				PRODUCT_BUNDLE_IDENTIFIER = com.zhumu.CoreText;
				PRODUCT_NAME = "$(TARGET_NAME)";
				TARGETED_DEVICE_FAMILY = "1,2";
			};
			name = Release;
		};
		F464E9962224E4B400FFFB3C /* Debug */ = {
			isa = XCBuildConfiguration;
			buildSettings = {
				BUNDLE_LOADER = "$(TEST_HOST)";
				CODE_SIGN_STYLE = Automatic;
				INFOPLIST_FILE = CoreTextTests/Info.plist;
				LD_RUNPATH_SEARCH_PATHS = (
					"$(inherited)",
					"@executable_path/Frameworks",
					"@loader_path/Frameworks",
				);
				PRODUCT_BUNDLE_IDENTIFIER = com.zhumu.CoreTextTests;
				PRODUCT_NAME = "$(TARGET_NAME)";
				TARGETED_DEVICE_FAMILY = "1,2";
				TEST_HOST = "$(BUILT_PRODUCTS_DIR)/CoreText.app/CoreText";
			};
			name = Debug;
		};
		F464E9972224E4B400FFFB3C /* Release */ = {
			isa = XCBuildConfiguration;
			buildSettings = {
				BUNDLE_LOADER = "$(TEST_HOST)";
				CODE_SIGN_STYLE = Automatic;
				INFOPLIST_FILE = CoreTextTests/Info.plist;
				LD_RUNPATH_SEARCH_PATHS = (
					"$(inherited)",
					"@executable_path/Frameworks",
					"@loader_path/Frameworks",
				);
				PRODUCT_BUNDLE_IDENTIFIER = com.zhumu.CoreTextTests;
				PRODUCT_NAME = "$(TARGET_NAME)";
				TARGETED_DEVICE_FAMILY = "1,2";
				TEST_HOST = "$(BUILT_PRODUCTS_DIR)/CoreText.app/CoreText";
			};
			name = Release;
		};
/* End XCBuildConfiguration section */

/* Begin XCConfigurationList section */
		F464E96C2224E4B200FFFB3C /* Build configuration list for PBXProject "CoreText" */ = {
			isa = XCConfigurationList;
			buildConfigurations = (
				F464E9902224E4B400FFFB3C /* Debug */,
				F464E9912224E4B400FFFB3C /* Release */,
			);
			defaultConfigurationIsVisible = 0;
			defaultConfigurationName = Release;
		};
		F464E9922224E4B400FFFB3C /* Build configuration list for PBXNativeTarget "CoreText" */ = {
			isa = XCConfigurationList;
			buildConfigurations = (
				F464E9932224E4B400FFFB3C /* Debug */,
				F464E9942224E4B400FFFB3C /* Release */,
			);
			defaultConfigurationIsVisible = 0;
			defaultConfigurationName = Release;
		};
		F464E9952224E4B400FFFB3C /* Build configuration list for PBXNativeTarget "CoreTextTests" */ = {
			isa = XCConfigurationList;
			buildConfigurations = (
				F464E9962224E4B400FFFB3C /* Debug */,
				F464E9972224E4B400FFFB3C /* Release */,
			);
			defaultConfigurationIsVisible = 0;
			defaultConfigurationName = Release;
		};
/* End XCConfigurationList section */
	};
	rootObject = F464E9692224E4B200FFFB3C /* Project object */;
}
